// !$*UTF8*$!
{
	archiveVersion = 1;
	classes = {
	};
	objectVersion = 77;
	objects = {

/* Begin PBXBuildFile section */
		4E454DE72E0E3DE900591B30 /* FirebaseAuth in Frameworks */ = {isa = PBXBuildFile; productRef = 4E454DE62E0E3DE900591B30 /* FirebaseAuth */; };
		4E454DE92E0E3DE900591B30 /* FirebaseFirestore in Frameworks */ = {isa = PBXBuildFile; productRef = 4E454DE82E0E3DE900591B30 /* FirebaseFirestore */; };
		4EE757242E1310DB00BD34CE /* FirebaseCore in Frameworks */ = {isa = PBXBuildFile; productRef = 4EE757232E1310DB00BD34CE /* FirebaseCore */; };
/* End PBXBuildFile section */

/* Begin PBXContainerItemProxy section */
		4E454DBD2E0E3B8100591B30 /* PBXContainerItemProxy */ = {
			isa = PBXContainerItemProxy;
			containerPortal = 4E454DA72E0E3B8000591B30 /* Project object */;
			proxyType = 1;
			remoteGlobalIDString = 4E454DAE2E0E3B8000591B30;
			remoteInfo = vektaApp;
		};
		4E454DC72E0E3B8100591B30 /* PBXContainerItemProxy */ = {
			isa = PBXContainerItemProxy;
			containerPortal = 4E454DA72E0E3B8000591B30 /* Project object */;
			proxyType = 1;
			remoteGlobalIDString = 4E454DAE2E0E3B8000591B30;
			remoteInfo = vektaApp;
		};
/* End PBXContainerItemProxy section */

/* Begin PBXFileReference section */
		4E454DAF2E0E3B8000591B30 /* vektaApp.app */ = {isa = PBXFileReference; explicitFileType = wrapper.application; includeInIndex = 0; path = vektaApp.app; sourceTree = BUILT_PRODUCTS_DIR; };
		4E454DBC2E0E3B8100591B30 /* vektaAppTests.xctest */ = {isa = PBXFileReference; explicitFileType = wrapper.cfbundle; includeInIndex = 0; path = vektaAppTests.xctest; sourceTree = BUILT_PRODUCTS_DIR; };
		4E454DC62E0E3B8100591B30 /* vektaAppUITests.xctest */ = {isa = PBXFileReference; explicitFileType = wrapper.cfbundle; includeInIndex = 0; path = vektaAppUITests.xctest; sourceTree = BUILT_PRODUCTS_DIR; };
/* End PBXFileReference section */

/* Begin PBXFileSystemSynchronizedRootGroup section */
		4E454DB12E0E3B8000591B30 /* vektaApp */ = {
			isa = PBXFileSystemSynchronizedRootGroup;
			path = vektaApp;
			sourceTree = "<group>";
		};
		4E454DBF2E0E3B8100591B30 /* vektaAppTests */ = {
			isa = PBXFileSystemSynchronizedRootGroup;
			path = vektaAppTests;
			sourceTree = "<group>";
		};
		4E454DC92E0E3B8100591B30 /* vektaAppUITests */ = {
			isa = PBXFileSystemSynchronizedRootGroup;
			path = vektaAppUITests;
			sourceTree = "<group>";
		};
/* End PBXFileSystemSynchronizedRootGroup section */

/* Begin PBXFrameworksBuildPhase section */
		4E454DAC2E0E3B8000591B30 /* Frameworks */ = {
			isa = PBXFrameworksBuildPhase;
			buildActionMask = 2147483647;
			files = (
				4E454DE72E0E3DE900591B30 /* FirebaseAuth in Frameworks */,
				4EE757242E1310DB00BD34CE /* FirebaseCore in Frameworks */,
				4E454DE92E0E3DE900591B30 /* FirebaseFirestore in Frameworks */,
			);
			runOnlyForDeploymentPostprocessing = 0;
		};
		4E454DB92E0E3B8100591B30 /* Frameworks */ = {
			isa = PBXFrameworksBuildPhase;
			buildActionMask = 2147483647;
			files = (
			);
			runOnlyForDeploymentPostprocessing = 0;
		};
		4E454DC32E0E3B8100591B30 /* Frameworks */ = {
			isa = PBXFrameworksBuildPhase;
			buildActionMask = 2147483647;
			files = (
			);
			runOnlyForDeploymentPostprocessing = 0;
		};
/* End PBXFrameworksBuildPhase section */

/* Begin PBXGroup section */
		4E454DA62E0E3B8000591B30 = {
			isa = PBXGroup;
			children = (
				4E454DB12E0E3B8000591B30 /* vektaApp */,
				4E454DBF2E0E3B8100591B30 /* vektaAppTests */,
				4E454DC92E0E3B8100591B30 /* vektaAppUITests */,
				4E454DB02E0E3B8000591B30 /* Products */,
			);
			sourceTree = "<group>";
		};
		4E454DB02E0E3B8000591B30 /* Products */ = {
			isa = PBXGroup;
			children = (
				4E454DAF2E0E3B8000591B30 /* vektaApp.app */,
				4E454DBC2E0E3B8100591B30 /* vektaAppTests.xctest */,
				4E454DC62E0E3B8100591B30 /* vektaAppUITests.xctest */,
			);
			name = Products;
			sourceTree = "<group>";
		};
/* End PBXGroup section */

/* Begin PBXNativeTarget section */
		4E454DAE2E0E3B8000591B30 /* vektaApp */ = {
			isa = PBXNativeTarget;
			buildConfigurationList = 4E454DD02E0E3B8100591B30 /* Build configuration list for PBXNativeTarget "vektaApp" */;
			buildPhases = (
				4E454DAB2E0E3B8000591B30 /* Sources */,
				4E454DAC2E0E3B8000591B30 /* Frameworks */,
				4E454DAD2E0E3B8000591B30 /* Resources */,
			);
			buildRules = (
			);
			dependencies = (
			);
			fileSystemSynchronizedGroups = (
				4E454DB12E0E3B8000591B30 /* vektaApp */,
			);
			name = vektaApp;
			packageProductDependencies = (
				4E454DE62E0E3DE900591B30 /* FirebaseAuth */,
				4E454DE82E0E3DE900591B30 /* FirebaseFirestore */,
				4EE757232E1310DB00BD34CE /* FirebaseCore */,
			);
			productName = vektaApp;
			productReference = 4E454DAF2E0E3B8000591B30 /* vektaApp.app */;
			productType = "com.apple.product-type.application";
		};
		4E454DBB2E0E3B8100591B30 /* vektaAppTests */ = {
			isa = PBXNativeTarget;
			buildConfigurationList = 4E454DD32E0E3B8100591B30 /* Build configuration list for PBXNativeTarget "vektaAppTests" */;
			buildPhases = (
				4E454DB82E0E3B8100591B30 /* Sources */,
				4E454DB92E0E3B8100591B30 /* Frameworks */,
				4E454DBA2E0E3B8100591B30 /* Resources */,
			);
			buildRules = (
			);
			dependencies = (
				4E454DBE2E0E3B8100591B30 /* PBXTargetDependency */,
			);
			fileSystemSynchronizedGroups = (
				4E454DBF2E0E3B8100591B30 /* vektaAppTests */,
			);
			name = vektaAppTests;
			packageProductDependencies = (
			);
			productName = vektaAppTests;
			productReference = 4E454DBC2E0E3B8100591B30 /* vektaAppTests.xctest */;
			productType = "com.apple.product-type.bundle.unit-test";
		};
		4E454DC52E0E3B8100591B30 /* vektaAppUITests */ = {
			isa = PBXNativeTarget;
			buildConfigurationList = 4E454DD62E0E3B8100591B30 /* Build configuration list for PBXNativeTarget "vektaAppUITests" */;
			buildPhases = (
				4E454DC22E0E3B8100591B30 /* Sources */,
				4E454DC32E0E3B8100591B30 /* Frameworks */,
				4E454DC42E0E3B8100591B30 /* Resources */,
			);
			buildRules = (
			);
			dependencies = (
				4E454DC82E0E3B8100591B30 /* PBXTargetDependency */,
			);
			fileSystemSynchronizedGroups = (
				4E454DC92E0E3B8100591B30 /* vektaAppUITests */,
			);
			name = vektaAppUITests;
			packageProductDependencies = (
			);
			productName = vektaAppUITests;
			productReference = 4E454DC62E0E3B8100591B30 /* vektaAppUITests.xctest */;
			productType = "com.apple.product-type.bundle.ui-testing";
		};
/* End PBXNativeTarget section */

/* Begin PBXProject section */
		4E454DA72E0E3B8000591B30 /* Project object */ = {
			isa = PBXProject;
			attributes = {
				BuildIndependentTargetsInParallel = 1;
				LastSwiftUpdateCheck = 1640;
				LastUpgradeCheck = 1640;
				TargetAttributes = {
					4E454DAE2E0E3B8000591B30 = {
						CreatedOnToolsVersion = 16.4;
					};
					4E454DBB2E0E3B8100591B30 = {
						CreatedOnToolsVersion = 16.4;
						TestTargetID = 4E454DAE2E0E3B8000591B30;
					};
					4E454DC52E0E3B8100591B30 = {
						CreatedOnToolsVersion = 16.4;
						TestTargetID = 4E454DAE2E0E3B8000591B30;
					};
				};
			};
			buildConfigurationList = 4E454DAA2E0E3B8000591B30 /* Build configuration list for PBXProject "vektaApp" */;
			developmentRegion = en;
			hasScannedForEncodings = 0;
			knownRegions = (
				en,
				Base,
			);
			mainGroup = 4E454DA62E0E3B8000591B30;
			minimizedProjectReferenceProxies = 1;
			packageReferences = (
				4E454DE52E0E3DE900591B30 /* XCRemoteSwiftPackageReference "firebase-ios-sdk" */,
			);
			preferredProjectObjectVersion = 77;
			productRefGroup = 4E454DB02E0E3B8000591B30 /* Products */;
			projectDirPath = "";
			projectRoot = "";
			targets = (
				4E454DAE2E0E3B8000591B30 /* vektaApp */,
				4E454DBB2E0E3B8100591B30 /* vektaAppTests */,
				4E454DC52E0E3B8100591B30 /* vektaAppUITests */,
			);
		};
/* End PBXProject section */

/* Begin PBXResourcesBuildPhase section */
		4E454DAD2E0E3B8000591B30 /* Resources */ = {
			isa = PBXResourcesBuildPhase;
			buildActionMask = 2147483647;
			files = (
			);
			runOnlyForDeploymentPostprocessing = 0;
		};
		4E454DBA2E0E3B8100591B30 /* Resources */ = {
			isa = PBXResourcesBuildPhase;
			buildActionMask = 2147483647;
			files = (
			);
			runOnlyForDeploymentPostprocessing = 0;
		};
		4E454DC42E0E3B8100591B30 /* Resources */ = {
			isa = PBXResourcesBuildPhase;
			buildActionMask = 2147483647;
			files = (
			);
			runOnlyForDeploymentPostprocessing = 0;
		};
/* End PBXResourcesBuildPhase section */

/* Begin PBXSourcesBuildPhase section */
		4E454DAB2E0E3B8000591B30 /* Sources */ = {
			isa = PBXSourcesBuildPhase;
			buildActionMask = 2147483647;
			files = (
			);
			runOnlyForDeploymentPostprocessing = 0;
		};
		4E454DB82E0E3B8100591B30 /* Sources */ = {
			isa = PBXSourcesBuildPhase;
			buildActionMask = 2147483647;
			files = (
			);
			runOnlyForDeploymentPostprocessing = 0;
		};
		4E454DC22E0E3B8100591B30 /* Sources */ = {
			isa = PBXSourcesBuildPhase;
			buildActionMask = 2147483647;
			files = (
			);
			runOnlyForDeploymentPostprocessing = 0;
		};
/* End PBXSourcesBuildPhase section */

/* Begin PBXTargetDependency section */
		4E454DBE2E0E3B8100591B30 /* PBXTargetDependency */ = {
			isa = PBXTargetDependency;
			target = 4E454DAE2E0E3B8000591B30 /* vektaApp */;
			targetProxy = 4E454DBD2E0E3B8100591B30 /* PBXContainerItemProxy */;
		};
		4E454DC82E0E3B8100591B30 /* PBXTargetDependency */ = {
			isa = PBXTargetDependency;
			target = 4E454DAE2E0E3B8000591B30 /* vektaApp */;
			targetProxy = 4E454DC72E0E3B8100591B30 /* PBXContainerItemProxy */;
		};
/* End PBXTargetDependency section */

/* Begin XCBuildConfiguration section */
		4E454DCE2E0E3B8100591B30 /* Debug */ = {
			isa = XCBuildConfiguration;
			buildSettings = {
				ALWAYS_SEARCH_USER_PATHS = NO;
				ASSETCATALOG_COMPILER_GENERATE_SWIFT_ASSET_SYMBOL_EXTENSIONS = YES;
				CLANG_ANALYZER_NONNULL = YES;
				CLANG_ANALYZER_NUMBER_OBJECT_CONVERSION = YES_AGGRESSIVE;
				CLANG_CXX_LANGUAGE_STANDARD = "gnu++20";
				CLANG_ENABLE_MODULES = YES;
				CLANG_ENABLE_OBJC_ARC = YES;
				CLANG_ENABLE_OBJC_WEAK = YES;
				CLANG_WARN_BLOCK_CAPTURE_AUTORELEASING = YES;
				CLANG_WARN_BOOL_CONVERSION = YES;
				CLANG_WARN_COMMA = YES;
				CLANG_WARN_CONSTANT_CONVERSION = YES;
				CLANG_WARN_DEPRECATED_OBJC_IMPLEMENTATIONS = YES;
				CLANG_WARN_DIRECT_OBJC_ISA_USAGE = YES_ERROR;
				CLANG_WARN_DOCUMENTATION_COMMENTS = YES;
				CLANG_WARN_EMPTY_BODY = YES;
				CLANG_WARN_ENUM_CONVERSION = YES;
				CLANG_WARN_INFINITE_RECURSION = YES;
				CLANG_WARN_INT_CONVERSION = YES;
				CLANG_WARN_NON_LITERAL_NULL_CONVERSION = YES;
				CLANG_WARN_OBJC_IMPLICIT_RETAIN_SELF = YES;
				CLANG_WARN_OBJC_LITERAL_CONVERSION = YES;
				CLANG_WARN_OBJC_ROOT_CLASS = YES_ERROR;
				CLANG_WARN_QUOTED_INCLUDE_IN_FRAMEWORK_HEADER = YES;
				CLANG_WARN_RANGE_LOOP_ANALYSIS = YES;
				CLANG_WARN_STRICT_PROTOTYPES = YES;
				CLANG_WARN_SUSPICIOUS_MOVE = YES;
				CLANG_WARN_UNGUARDED_AVAILABILITY = YES_AGGRESSIVE;
				CLANG_WARN_UNREACHABLE_CODE = YES;
				CLANG_WARN__DUPLICATE_METHOD_MATCH = YES;
				COPY_PHASE_STRIP = NO;
				DEBUG_INFORMATION_FORMAT = dwarf;
				ENABLE_STRICT_OBJC_MSGSEND = YES;
				ENABLE_TESTABILITY = YES;
				ENABLE_USER_SCRIPT_SANDBOXING = YES;
				GCC_C_LANGUAGE_STANDARD = gnu17;
				GCC_DYNAMIC_NO_PIC = NO;
				GCC_NO_COMMON_BLOCKS = YES;
				GCC_OPTIMIZATION_LEVEL = 0;
				GCC_PREPROCESSOR_DEFINITIONS = (
					"DEBUG=1",
					"$(inherited)",
				);
				GCC_WARN_64_TO_32_BIT_CONVERSION = YES;
				GCC_WARN_ABOUT_RETURN_TYPE = YES_ERROR;
				GCC_WARN_UNDECLARED_SELECTOR = YES;
				GCC_WARN_UNINITIALIZED_AUTOS = YES_AGGRESSIVE;
				GCC_WARN_UNUSED_FUNCTION = YES;
				GCC_WARN_UNUSED_VARIABLE = YES;
				IPHONEOS_DEPLOYMENT_TARGET = 18.5;
				LOCALIZATION_PREFERS_STRING_CATALOGS = YES;
				MTL_ENABLE_DEBUG_INFO = INCLUDE_SOURCE;
				MTL_FAST_MATH = YES;
				ONLY_ACTIVE_ARCH = YES;
				SDKROOT = iphoneos;
				SWIFT_ACTIVE_COMPILATION_CONDITIONS = "DEBUG $(inherited)";
				SWIFT_OPTIMIZATION_LEVEL = "-Onone";
			};
			name = Debug;
		};
		4E454DCF2E0E3B8100591B30 /* Release */ = {
			isa = XCBuildConfiguration;
			buildSettings = {
				ALWAYS_SEARCH_USER_PATHS = NO;
				ASSETCATALOG_COMPILER_GENERATE_SWIFT_ASSET_SYMBOL_EXTENSIONS = YES;
				CLANG_ANALYZER_NONNULL = YES;
				CLANG_ANALYZER_NUMBER_OBJECT_CONVERSION = YES_AGGRESSIVE;
				CLANG_CXX_LANGUAGE_STANDARD = "gnu++20";
				CLANG_ENABLE_MODULES = YES;
				CLANG_ENABLE_OBJC_ARC = YES;
				CLANG_ENABLE_OBJC_WEAK = YES;
				CLANG_WARN_BLOCK_CAPTURE_AUTORELEASING = YES;
				CLANG_WARN_BOOL_CONVERSION = YES;
				CLANG_WARN_COMMA = YES;
				CLANG_WARN_CONSTANT_CONVERSION = YES;
				CLANG_WARN_DEPRECATED_OBJC_IMPLEMENTATIONS = YES;
				CLANG_WARN_DIRECT_OBJC_ISA_USAGE = YES_ERROR;
				CLANG_WARN_DOCUMENTATION_COMMENTS = YES;
				CLANG_WARN_EMPTY_BODY = YES;
				CLANG_WARN_ENUM_CONVERSION = YES;
				CLANG_WARN_INFINITE_RECURSION = YES;
				CLANG_WARN_INT_CONVERSION = YES;
				CLANG_WARN_NON_LITERAL_NULL_CONVERSION = YES;
				CLANG_WARN_OBJC_IMPLICIT_RETAIN_SELF = YES;
				CLANG_WARN_OBJC_LITERAL_CONVERSION = YES;
				CLANG_WARN_OBJC_ROOT_CLASS = YES_ERROR;
				CLANG_WARN_QUOTED_INCLUDE_IN_FRAMEWORK_HEADER = YES;
				CLANG_WARN_RANGE_LOOP_ANALYSIS = YES;
				CLANG_WARN_STRICT_PROTOTYPES = YES;
				CLANG_WARN_SUSPICIOUS_MOVE = YES;
				CLANG_WARN_UNGUARDED_AVAILABILITY = YES_AGGRESSIVE;
				CLANG_WARN_UNREACHABLE_CODE = YES;
				CLANG_WARN__DUPLICATE_METHOD_MATCH = YES;
				COPY_PHASE_STRIP = NO;
				DEBUG_INFORMATION_FORMAT = "dwarf-with-dsym";
				ENABLE_NS_ASSERTIONS = NO;
				ENABLE_STRICT_OBJC_MSGSEND = YES;
				ENABLE_USER_SCRIPT_SANDBOXING = YES;
				GCC_C_LANGUAGE_STANDARD = gnu17;
				GCC_NO_COMMON_BLOCKS = YES;
				GCC_WARN_64_TO_32_BIT_CONVERSION = YES;
				GCC_WARN_ABOUT_RETURN_TYPE = YES_ERROR;
				GCC_WARN_UNDECLARED_SELECTOR = YES;
				GCC_WARN_UNINITIALIZED_AUTOS = YES_AGGRESSIVE;
				GCC_WARN_UNUSED_FUNCTION = YES;
				GCC_WARN_UNUSED_VARIABLE = YES;
				IPHONEOS_DEPLOYMENT_TARGET = 18.5;
				LOCALIZATION_PREFERS_STRING_CATALOGS = YES;
				MTL_ENABLE_DEBUG_INFO = NO;
				MTL_FAST_MATH = YES;
				SDKROOT = iphoneos;
				SWIFT_COMPILATION_MODE = wholemodule;
				VALIDATE_PRODUCT = YES;
			};
			name = Release;
		};
		4E454DD12E0E3B8100591B30 /* Debug */ = {
			isa = XCBuildConfiguration;
			buildSettings = {
				ASSETCATALOG_COMPILER_APPICON_NAME = AppIcon;
				ASSETCATALOG_COMPILER_GLOBAL_ACCENT_COLOR_NAME = AccentColor;
				CODE_SIGN_STYLE = Automatic;
				CURRENT_PROJECT_VERSION = 1;
				ENABLE_PREVIEWS = YES;
				GENERATE_INFOPLIST_FILE = YES;
				INFOPLIST_KEY_UIApplicationSceneManifest_Generation = YES;
				INFOPLIST_KEY_UIApplicationSupportsIndirectInputEvents = YES;
				INFOPLIST_KEY_UILaunchScreen_Generation = YES;
				INFOPLIST_KEY_UISupportedInterfaceOrientations_iPad = "UIInterfaceOrientationPortrait UIInterfaceOrientationPortraitUpsideDown UIInterfaceOrientationLandscapeLeft UIInterfaceOrientationLandscapeRight";
				INFOPLIST_KEY_UISupportedInterfaceOrientations_iPhone = "UIInterfaceOrientationPortrait UIInterfaceOrientationLandscapeLeft UIInterfaceOrientationLandscapeRight";
				LD_RUNPATH_SEARCH_PATHS = (
					"$(inherited)",
					"@executable_path/Frameworks",
				);
				MARKETING_VERSION = 1.0;
				PRODUCT_BUNDLE_IDENTIFIER = com.kadeshov.vektaApp;
				PRODUCT_NAME = "$(TARGET_NAME)";
				SWIFT_EMIT_LOC_STRINGS = YES;
				SWIFT_VERSION = 5.0;
				TARGETED_DEVICE_FAMILY = "1,2";
			};
			name = Debug;
		};
		4E454DD22E0E3B8100591B30 /* Release */ = {
			isa = XCBuildConfiguration;
			buildSettings = {
				ASSETCATALOG_COMPILER_APPICON_NAME = AppIcon;
				ASSETCATALOG_COMPILER_GLOBAL_ACCENT_COLOR_NAME = AccentColor;
				CODE_SIGN_STYLE = Automatic;
				CURRENT_PROJECT_VERSION = 1;
				ENABLE_PREVIEWS = YES;
				GENERATE_INFOPLIST_FILE = YES;
				INFOPLIST_KEY_UIApplicationSceneManifest_Generation = YES;
				INFOPLIST_KEY_UIApplicationSupportsIndirectInputEvents = YES;
				INFOPLIST_KEY_UILaunchScreen_Generation = YES;
				INFOPLIST_KEY_UISupportedInterfaceOrientations_iPad = "UIInterfaceOrientationPortrait UIInterfaceOrientationPortraitUpsideDown UIInterfaceOrientationLandscapeLeft UIInterfaceOrientationLandscapeRight";
				INFOPLIST_KEY_UISupportedInterfaceOrientations_iPhone = "UIInterfaceOrientationPortrait UIInterfaceOrientationLandscapeLeft UIInterfaceOrientationLandscapeRight";
				LD_RUNPATH_SEARCH_PATHS = (
					"$(inherited)",
					"@executable_path/Frameworks",
				);
				MARKETING_VERSION = 1.0;
				PRODUCT_BUNDLE_IDENTIFIER = com.kadeshov.vektaApp;
				PRODUCT_NAME = "$(TARGET_NAME)";
				SWIFT_EMIT_LOC_STRINGS = YES;
				SWIFT_VERSION = 5.0;
				TARGETED_DEVICE_FAMILY = "1,2";
			};
			name = Release;
		};
		4E454DD42E0E3B8100591B30 /* Debug */ = {
			isa = XCBuildConfiguration;
			buildSettings = {
				BUNDLE_LOADER = "$(TEST_HOST)";
				CODE_SIGN_STYLE = Automatic;
				CURRENT_PROJECT_VERSION = 1;
				GENERATE_INFOPLIST_FILE = YES;
				IPHONEOS_DEPLOYMENT_TARGET = 18.5;
				MARKETING_VERSION = 1.0;
				PRODUCT_BUNDLE_IDENTIFIER = com.kadeshov.vektaAppTests;
				PRODUCT_NAME = "$(TARGET_NAME)";
				SWIFT_EMIT_LOC_STRINGS = NO;
				SWIFT_VERSION = 5.0;
				TARGETED_DEVICE_FAMILY = "1,2";
				TEST_HOST = "$(BUILT_PRODUCTS_DIR)/vektaApp.app/$(BUNDLE_EXECUTABLE_FOLDER_PATH)/vektaApp";
			};
			name = Debug;
		};
		4E454DD52E0E3B8100591B30 /* Release */ = {
			isa = XCBuildConfiguration;
			buildSettings = {
				BUNDLE_LOADER = "$(TEST_HOST)";
				CODE_SIGN_STYLE = Automatic;
				CURRENT_PROJECT_VERSION = 1;
				GENERATE_INFOPLIST_FILE = YES;
				IPHONEOS_DEPLOYMENT_TARGET = 18.5;
				MARKETING_VERSION = 1.0;
				PRODUCT_BUNDLE_IDENTIFIER = com.kadeshov.vektaAppTests;
				PRODUCT_NAME = "$(TARGET_NAME)";
				SWIFT_EMIT_LOC_STRINGS = NO;
				SWIFT_VERSION = 5.0;
				TARGETED_DEVICE_FAMILY = "1,2";
				TEST_HOST = "$(BUILT_PRODUCTS_DIR)/vektaApp.app/$(BUNDLE_EXECUTABLE_FOLDER_PATH)/vektaApp";
			};
			name = Release;
		};
		4E454DD72E0E3B8100591B30 /* Debug */ = {
			isa = XCBuildConfiguration;
			buildSettings = {
				CODE_SIGN_STYLE = Automatic;
				CURRENT_PROJECT_VERSION = 1;
				GENERATE_INFOPLIST_FILE = YES;
				MARKETING_VERSION = 1.0;
				PRODUCT_BUNDLE_IDENTIFIER = com.kadeshov.vektaAppUITests;
				PRODUCT_NAME = "$(TARGET_NAME)";
				SWIFT_EMIT_LOC_STRINGS = NO;
				SWIFT_VERSION = 5.0;
				TARGETED_DEVICE_FAMILY = "1,2";
				TEST_TARGET_NAME = vektaApp;
			};
			name = Debug;
		};
		4E454DD82E0E3B8100591B30 /* Release */ = {
			isa = XCBuildConfiguration;
			buildSettings = {
				CODE_SIGN_STYLE = Automatic;
				CURRENT_PROJECT_VERSION = 1;
				GENERATE_INFOPLIST_FILE = YES;
				MARKETING_VERSION = 1.0;
				PRODUCT_BUNDLE_IDENTIFIER = com.kadeshov.vektaAppUITests;
				PRODUCT_NAME = "$(TARGET_NAME)";
				SWIFT_EMIT_LOC_STRINGS = NO;
				SWIFT_VERSION = 5.0;
				TARGETED_DEVICE_FAMILY = "1,2";
				TEST_TARGET_NAME = vektaApp;
			};
			name = Release;
		};
/* End XCBuildConfiguration section */

/* Begin XCConfigurationList section */
		4E454DAA2E0E3B8000591B30 /* Build configuration list for PBXProject "vektaApp" */ = {
			isa = XCConfigurationList;
			buildConfigurations = (
				4E454DCE2E0E3B8100591B30 /* Debug */,
				4E454DCF2E0E3B8100591B30 /* Release */,
			);
			defaultConfigurationIsVisible = 0;
			defaultConfigurationName = Release;
		};
		4E454DD02E0E3B8100591B30 /* Build configuration list for PBXNativeTarget "vektaApp" */ = {
			isa = XCConfigurationList;
			buildConfigurations = (
				4E454DD12E0E3B8100591B30 /* Debug */,
				4E454DD22E0E3B8100591B30 /* Release */,
			);
			defaultConfigurationIsVisible = 0;
			defaultConfigurationName = Release;
		};
		4E454DD32E0E3B8100591B30 /* Build configuration list for PBXNativeTarget "vektaAppTests" */ = {
			isa = XCConfigurationList;
			buildConfigurations = (
				4E454DD42E0E3B8100591B30 /* Debug */,
				4E454DD52E0E3B8100591B30 /* Release */,
			);
			defaultConfigurationIsVisible = 0;
			defaultConfigurationName = Release;
		};
		4E454DD62E0E3B8100591B30 /* Build configuration list for PBXNativeTarget "vektaAppUITests" */ = {
			isa = XCConfigurationList;
			buildConfigurations = (
				4E454DD72E0E3B8100591B30 /* Debug */,
				4E454DD82E0E3B8100591B30 /* Release */,
			);
			defaultConfigurationIsVisible = 0;
			defaultConfigurationName = Release;
		};
/* End XCConfigurationList section */

/* Begin XCRemoteSwiftPackageReference section */
		4E454DE52E0E3DE900591B30 /* XCRemoteSwiftPackageReference "firebase-ios-sdk" */ = {
			isa = XCRemoteSwiftPackageReference;
			repositoryURL = "https://github.com/firebase/firebase-ios-sdk.git";
			requirement = {
				kind = upToNextMajorVersion;
				minimumVersion = 11.15.0;
			};
		};
/* End XCRemoteSwiftPackageReference section */

/* Begin XCSwiftPackageProductDependency section */
		4E454DE62E0E3DE900591B30 /* FirebaseAuth */ = {
			isa = XCSwiftPackageProductDependency;
			package = 4E454DE52E0E3DE900591B30 /* XCRemoteSwiftPackageReference "firebase-ios-sdk" */;
			productName = FirebaseAuth;
		};
		4E454DE82E0E3DE900591B30 /* FirebaseFirestore */ = {
			isa = XCSwiftPackageProductDependency;
			package = 4E454DE52E0E3DE900591B30 /* XCRemoteSwiftPackageReference "firebase-ios-sdk" */;
			productName = FirebaseFirestore;
		};
		4EE757232E1310DB00BD34CE /* FirebaseCore */ = {
			isa = XCSwiftPackageProductDependency;
			package = 4E454DE52E0E3DE900591B30 /* XCRemoteSwiftPackageReference "firebase-ios-sdk" */;
			productName = FirebaseCore;
		};
/* End XCSwiftPackageProductDependency section */
	};
	rootObject = 4E454DA72E0E3B8000591B30 /* Project object */;
}
